
Microsoft Visual Studio Solution File, Format Version 12.00
# Visual Studio Version 17
VisualStudioVersion = 17.5.33424.131
MinimumVisualStudioVersion = 10.0.40219.1
Project("{FAE04EC0-301F-11D3-BF4B-00C04F79EFBC}") = "RadShadowSample.Android", "RadShadowSample\RadShadowSample.Android\RadShadowSample.Android.csproj", "{110E39DC-C04E-4B65-A0A4-4F39752800ED}"
EndProject
Project("{FAE04EC0-301F-11D3-BF4B-00C04F79EFBC}") = "RadShadowSample.iOS", "RadShadowSample\RadShadowSample.iOS\RadShadowSample.iOS.csproj", "{6C702000-430E-4BC9-946F-6FC3DC0AA230}"
EndProject
Project("{FAE04EC0-301F-11D3-BF4B-00C04F79EFBC}") = "RadShadowSample", "RadShadowSample\RadShadowSample\RadShadowSample.csproj", "{2C7A11DD-68B7-488C-A151-02945F8D3160}"
EndProject
Global
	GlobalSection(SolutionConfigurationPlatforms) = preSolution
		Debug|Any CPU = Debug|Any CPU
		Debug|iPhone = Debug|iPhone
		Debug|iPhoneSimulator = Debug|iPhoneSimulator
		Release|Any CPU = Release|Any CPU
		Release|iPhone = Release|iPhone
		Release|iPhoneSimulator = Release|iPhoneSimulator
	EndGlobalSection
	GlobalSection(ProjectConfigurationPlatforms) = postSolution
		{110E39DC-C04E-4B65-A0A4-4F39752800ED}.Debug|Any CPU.ActiveCfg = Debug|Any CPU
		{110E39DC-C04E-4B65-A0A4-4F39752800ED}.Debug|Any CPU.Build.0 = Debug|Any CPU
		{110E39DC-C04E-4B65-A0A4-4F39752800ED}.Debug|Any CPU.Deploy.0 = Debug|Any CPU
		{110E39DC-C04E-4B65-A0A4-4F39752800ED}.Debug|iPhone.ActiveCfg = Debug|Any CPU
		{110E39DC-C04E-4B65-A0A4-4F39752800ED}.Debug|iPhone.Build.0 = Debug|Any CPU
		{110E39DC-C04E-4B65-A0A4-4F39752800ED}.Debug|iPhone.Deploy.0 = Debug|Any CPU
		{110E39DC-C04E-4B65-A0A4-4F39752800ED}.Debug|iPhoneSimulator.ActiveCfg = Debug|Any CPU
		{110E39DC-C04E-4B65-A0A4-4F39752800ED}.Debug|iPhoneSimulator.Build.0 = Debug|Any CPU
		{110E39DC-C04E-4B65-A0A4-4F39752800ED}.Debug|iPhoneSimulator.Deploy.0 = Debug|Any CPU
		{110E39DC-C04E-4B65-A0A4-4F39752800ED}.Release|Any CPU.ActiveCfg = Release|Any CPU
		{110E39DC-C04E-4B65-A0A4-4F39752800ED}.Release|Any CPU.Build.0 = Release|Any CPU
		{110E39DC-C04E-4B65-A0A4-4F39752800ED}.Release|Any CPU.Deploy.0 = Release|Any CPU
		{110E39DC-C04E-4B65-A0A4-4F39752800ED}.Release|iPhone.ActiveCfg = Release|Any CPU
		{110E39DC-C04E-4B65-A0A4-4F39752800ED}.Release|iPhone.Build.0 = Release|Any CPU
		{110E39DC-C04E-4B65-A0A4-4F39752800ED}.Release|iPhone.Deploy.0 = Release|Any CPU
		{110E39DC-C04E-4B65-A0A4-4F39752800ED}.Release|iPhoneSimulator.ActiveCfg = Release|Any CPU
		{110E39DC-C04E-4B65-A0A4-4F39752800ED}.Release|iPhoneSimulator.Build.0 = Release|Any CPU
		{110E39DC-C04E-4B65-A0A4-4F39752800ED}.Release|iPhoneSimulator.Deploy.0 = Release|Any CPU
		{6C702000-430E-4BC9-946F-6FC3DC0AA230}.Debug|Any CPU.ActiveCfg = Debug|iPhone
		{6C702000-430E-4BC9-946F-6FC3DC0AA230}.Debug|Any CPU.Build.0 = Debug|iPhone
		{6C702000-430E-4BC9-946F-6FC3DC0AA230}.Debug|Any CPU.Deploy.0 = Debug|iPhone
		{6C702000-430E-4BC9-946F-6FC3DC0AA230}.Debug|iPhone.ActiveCfg = Debug|iPhone
		{6C702000-430E-4BC9-946F-6FC3DC0AA230}.Debug|iPhone.Build.0 = Debug|iPhone
		{6C702000-430E-4BC9-946F-6FC3DC0AA230}.Debug|iPhone.Deploy.0 = Debug|iPhone
		{6C702000-430E-4BC9-946F-6FC3DC0AA230}.Debug|iPhoneSimulator.ActiveCfg = Debug|iPhoneSimulator
		{6C702000-430E-4BC9-946F-6FC3DC0AA230}.Debug|iPhoneSimulator.Build.0 = Debug|iPhoneSimulator
		{6C702000-430E-4BC9-946F-6FC3DC0AA230}.Debug|iPhoneSimulator.Deploy.0 = Debug|iPhoneSimulator
		{6C702000-430E-4BC9-946F-6FC3DC0AA230}.Release|Any CPU.ActiveCfg = Release|iPhoneSimulator
		{6C702000-430E-4BC9-946F-6FC3DC0AA230}.Release|Any CPU.Build.0 = Release|iPhoneSimulator
		{6C702000-430E-4BC9-946F-6FC3DC0AA230}.Release|Any CPU.Deploy.0 = Release|iPhoneSimulator
		{6C702000-430E-4BC9-946F-6FC3DC0AA230}.Release|iPhone.ActiveCfg = Release|iPhone
		{6C702000-430E-4BC9-946F-6FC3DC0AA230}.Release|iPhone.Build.0 = Release|iPhone
		{6C702000-430E-4BC9-946F-6FC3DC0AA230}.Release|iPhone.Deploy.0 = Release|iPhone
		{6C702000-430E-4BC9-946F-6FC3DC0AA230}.Release|iPhoneSimulator.ActiveCfg = Release|iPhoneSimulator
		{6C702000-430E-4BC9-946F-6FC3DC0AA230}.Release|iPhoneSimulator.Build.0 = Release|iPhoneSimulator
		{6C702000-430E-4BC9-946F-6FC3DC0AA230}.Release|iPhoneSimulator.Deploy.0 = Release|iPhoneSimulator
		{2C7A11DD-68B7-488C-A151-02945F8D3160}.Debug|Any CPU.ActiveCfg = Debug|Any CPU
		{2C7A11DD-68B7-488C-A151-02945F8D3160}.Debug|Any CPU.Build.0 = Debug|Any CPU
		{2C7A11DD-68B7-488C-A151-02945F8D3160}.Debug|Any CPU.Deploy.0 = Debug|Any CPU
		{2C7A11DD-68B7-488C-A151-02945F8D3160}.Debug|iPhone.ActiveCfg = Debug|Any CPU
		{2C7A11DD-68B7-488C-A151-02945F8D3160}.Debug|iPhone.Build.0 = Debug|Any CPU
		{2C7A11DD-68B7-488C-A151-02945F8D3160}.Debug|iPhone.Deploy.0 = Debug|Any CPU
		{2C7A11DD-68B7-488C-A151-02945F8D3160}.Debug|iPhoneSimulator.ActiveCfg = Debug|Any CPU
		{2C7A11DD-68B7-488C-A151-02945F8D3160}.Debug|iPhoneSimulator.Build.0 = Debug|Any CPU
		{2C7A11DD-68B7-488C-A151-02945F8D3160}.Debug|iPhoneSimulator.Deploy.0 = Debug|Any CPU
		{2C7A11DD-68B7-488C-A151-02945F8D3160}.Release|Any CPU.ActiveCfg = Release|Any CPU
		{2C7A11DD-68B7-488C-A151-02945F8D3160}.Release|Any CPU.Build.0 = Release|Any CPU
		{2C7A11DD-68B7-488C-A151-02945F8D3160}.Release|Any CPU.Deploy.0 = Release|Any CPU
		{2C7A11DD-68B7-488C-A151-02945F8D3160}.Release|iPhone.ActiveCfg = Release|Any CPU
		{2C7A11DD-68B7-488C-A151-02945F8D3160}.Release|iPhone.Build.0 = Release|Any CPU
		{2C7A11DD-68B7-488C-A151-02945F8D3160}.Release|iPhone.Deploy.0 = Release|Any CPU
		{2C7A11DD-68B7-488C-A151-02945F8D3160}.Release|iPhoneSimulator.ActiveCfg = Release|Any CPU
		{2C7A11DD-68B7-488C-A151-02945F8D3160}.Release|iPhoneSimulator.Build.0 = Release|Any CPU
		{2C7A11DD-68B7-488C-A151-02945F8D3160}.Release|iPhoneSimulator.Deploy.0 = Release|Any CPU
	EndGlobalSection
	GlobalSection(SolutionProperties) = preSolution
		HideSolutionNode = FALSE
	EndGlobalSection
	GlobalSection(ExtensibilityGlobals) = postSolution
		SolutionGuid = {02903050-6E0D-4E6A-8625-FBE6008EA4FA}
	EndGlobalSection
EndGlobal
